<?xml version="1.0" encoding="UTF-8" standalone="yes" ?>
<CodeBlocks_project_file>
	<FileVersion major="1" minor="6" />
	<Project>
		<Option title="ucc" />
		<Option pch_mode="2" />
		<Option compiler="gcc" />
		<Build>
			<Target title="Debug">
				<Option output="bin/Debug/ucc" prefix_auto="1" extension_auto="1" />
				<Option object_output="obj/Debug/" />
				<Option type="1" />
				<Option compiler="gcc" />
				<Compiler>
					<Add option="-g" />
				</Compiler>
			</Target>
			<Target title="Release">
				<Option output="bin/Release/ucc" prefix_auto="1" extension_auto="1" />
				<Option object_output="obj/Release/" />
				<Option type="1" />
				<Option compiler="gcc" />
				<Compiler>
					<Add option="-O2" />
				</Compiler>
				<Linker>
					<Add option="-s" />
				</Linker>
			</Target>
		</Build>
		<Compiler>
			<Add option="-Wall" />
			<Add option="-std=gnu++11" />
		</Compiler>
		<Linker>
			<Add option="-lncursesw" />
			<Add option="-lssl" />
			<Add option="-lcrypto" />
		</Linker>
		<Unit filename="src/auth.cpp" />
		<Unit filename="src/auth.hpp" />
		<Unit filename="src/chat_utils.cpp" />
		<Unit filename="src/chat_utils.hpp" />
		<Unit filename="src/debug.cpp" />
		<Unit filename="src/debug.hpp" />
		<Unit filename="src/enc_str.cpp" />
		<Unit filename="src/enc_str.hpp" />
		<Unit filename="src/form_conv.cpp" />
		<Unit filename="src/form_conv.hpp" />
		<Unit filename="src/irc_parser.cpp" />
		<Unit filename="src/irc_parser.hpp" />
		<Unit filename="src/kbd_parser.cpp" />
		<Unit filename="src/kbd_parser.hpp" />
		<Unit filename="src/main.cpp" />
		<Unit filename="src/main_window.cpp" />
		<Unit filename="src/main_window.hpp" />
		<Unit filename="src/network.cpp" />
		<Unit filename="src/network.hpp" />
		<Unit filename="src/ucc_global.hpp" />
		<Unit filename="src/window_utils.cpp" />
		<Unit filename="src/window_utils.hpp" />
		<Extensions>
			<code_completion />
			<debugger />
			<envvars />
			<DoxyBlocks>
				<comment_style block="0" line="0" />
				<doxyfile_project />
				<doxyfile_build />
				<doxyfile_warnings />
				<doxyfile_output />
				<doxyfile_dot />
				<general />
			</DoxyBlocks>
		</Extensions>
	</Project>
</CodeBlocks_project_file>
